
Microsoft Visual Studio Solution File, Format Version 12.00
# Visual Studio 15
VisualStudioVersion = 15.0.28307.106
MinimumVisualStudioVersion = 10.0.40219.1
Project("{FAE04EC0-301F-11D3-BF4B-00C04F79EFBC}") = "ConalWeb2.0", "ConalWeb2.0\ConalWeb2.0.csproj", "{79DFA965-8525-48A2-9E61-53C030882150}"
EndProject
Global
	GlobalSection(SolutionConfigurationPlatforms) = preSolution
		Debug|Any CPU = Debug|Any CPU
		Release|Any CPU = Release|Any CPU
	EndGlobalSection
	GlobalSection(ProjectConfigurationPlatforms) = postSolution
		{79DFA965-8525-48A2-9E61-53C030882150}.Debug|Any CPU.ActiveCfg = Debug|Any CPU
		{79DFA965-8525-48A2-9E61-53C030882150}.Debug|Any CPU.Build.0 = Debug|Any CPU
		{79DFA965-8525-48A2-9E61-53C030882150}.Release|Any CPU.ActiveCfg = Release|Any CPU
		{79DFA965-8525-48A2-9E61-53C030882150}.Release|Any CPU.Build.0 = Release|Any CPU
	EndGlobalSection
	GlobalSection(SolutionProperties) = preSolution
		HideSolutionNode = FALSE
	EndGlobalSection
	GlobalSection(ExtensibilityGlobals) = postSolution
		SolutionGuid = {7FCB2B34-8833-4F75-858D-B171791EF2EC}
	EndGlobalSection
EndGlobal
